# Code generated by scarb DO NOT EDIT.
version = 1

[[package]]
name = "snforge_scarb_plugin_deprecated"
version = "0.52.0"
source = "registry+https://scarbs.xyz/"
checksum = "sha256:ff4ce2fd13a31ff8ae56d6202b3823799cdeb6ac60ecedf27b8ac360fdff88d4"

[[package]]
name = "snforge_std_deprecated"
version = "0.52.0"
source = "registry+https://scarbs.xyz/"
checksum = "sha256:4efcb26269bf398d1af7ebb209f100197d3759de7c7d96491e26f375db1423b8"
dependencies = [
 "snforge_scarb_plugin_deprecated",
]

[[package]]
name = "starkzuri"
version = "0.1.0"
dependencies = [
 "snforge_std_deprecated",
]
