# Code generated by scarb DO NOT EDIT.
version = 1

[[package]]
name = "snforge_scarb_plugin"
version = "0.52.0"
source = "git+https://github.com/foundry-rs/starknet-foundry.git?tag=v0.52.0#ae2bfed5c630b94430f46931374d8e7c8e301fea"

[[package]]
name = "snforge_std"
version = "0.52.0"
source = "git+https://github.com/foundry-rs/starknet-foundry.git?tag=v0.52.0#ae2bfed5c630b94430f46931374d8e7c8e301fea"
dependencies = [
 "snforge_scarb_plugin",
]

[[package]]
name = "starkzuri"
version = "0.1.0"
dependencies = [
 "snforge_std",
]
